
Microsoft Visual Studio Solution File, Format Version 12.00
# Visual Studio Version 17
VisualStudioVersion = 17.1.32407.343
MinimumVisualStudioVersion = 10.0.40219.1
Project("{8BC9CEB8-8B4A-11D0-8D11-00A0C91BC942}") = "Week4_Homework1", "Week4_Homework1.vcxproj", "{ADB092BA-07C7-4A7D-B4D3-BC8ABA539C4E}"
EndProject
Global
	GlobalSection(SolutionConfigurationPlatforms) = preSolution
		Debug|x64 = Debug|x64
		Debug|x86 = Debug|x86
		Release|x64 = Release|x64
		Release|x86 = Release|x86
	EndGlobalSection
	GlobalSection(ProjectConfigurationPlatforms) = postSolution
		{ADB092BA-07C7-4A7D-B4D3-BC8ABA539C4E}.Debug|x64.ActiveCfg = Debug|x64
		{ADB092BA-07C7-4A7D-B4D3-BC8ABA539C4E}.Debug|x64.Build.0 = Debug|x64
		{ADB092BA-07C7-4A7D-B4D3-BC8ABA539C4E}.Debug|x86.ActiveCfg = Debug|Win32
		{ADB092BA-07C7-4A7D-B4D3-BC8ABA539C4E}.Debug|x86.Build.0 = Debug|Win32
		{ADB092BA-07C7-4A7D-B4D3-BC8ABA539C4E}.Release|x64.ActiveCfg = Release|x64
		{ADB092BA-07C7-4A7D-B4D3-BC8ABA539C4E}.Release|x64.Build.0 = Release|x64
		{ADB092BA-07C7-4A7D-B4D3-BC8ABA539C4E}.Release|x86.ActiveCfg = Release|Win32
		{ADB092BA-07C7-4A7D-B4D3-BC8ABA539C4E}.Release|x86.Build.0 = Release|Win32
	EndGlobalSection
	GlobalSection(SolutionProperties) = preSolution
		HideSolutionNode = FALSE
	EndGlobalSection
	GlobalSection(ExtensibilityGlobals) = postSolution
		SolutionGuid = {BB8A9C76-11FD-4BFE-9AB4-121F5D4B6F3C}
	EndGlobalSection
EndGlobal
